
Microsoft Visual Studio Solution File, Format Version 12.00
# Visual Studio Version 16
VisualStudioVersion = 16.0.29503.13
MinimumVisualStudioVersion = 10.0.40219.1
Project("{FAE04EC0-301F-11D3-BF4B-00C04F79EFBC}") = "WeatherApp.Android", "WeatherApp\WeatherApp.Android\WeatherApp.Android.csproj", "{D937BC1E-1D87-4283-B608-2974714D01CA}"
EndProject
Project("{FAE04EC0-301F-11D3-BF4B-00C04F79EFBC}") = "WeatherApp.iOS", "WeatherApp\WeatherApp.iOS\WeatherApp.iOS.csproj", "{83CAF4DA-D7C3-434D-92BB-95220C27CC15}"
EndProject
Project("{FAE04EC0-301F-11D3-BF4B-00C04F79EFBC}") = "WeatherApp", "WeatherApp\WeatherApp\WeatherApp.csproj", "{3A424439-348B-4BA3-BDED-FA2F8D6B8F30}"
EndProject
Global
	GlobalSection(SolutionConfigurationPlatforms) = preSolution
		Debug|Any CPU = Debug|Any CPU
		Debug|iPhone = Debug|iPhone
		Debug|iPhoneSimulator = Debug|iPhoneSimulator
		Release|Any CPU = Release|Any CPU
		Release|iPhone = Release|iPhone
		Release|iPhoneSimulator = Release|iPhoneSimulator
	EndGlobalSection
	GlobalSection(ProjectConfigurationPlatforms) = postSolution
		{D937BC1E-1D87-4283-B608-2974714D01CA}.Debug|Any CPU.ActiveCfg = Debug|Any CPU
		{D937BC1E-1D87-4283-B608-2974714D01CA}.Debug|Any CPU.Build.0 = Debug|Any CPU
		{D937BC1E-1D87-4283-B608-2974714D01CA}.Debug|Any CPU.Deploy.0 = Debug|Any CPU
		{D937BC1E-1D87-4283-B608-2974714D01CA}.Debug|iPhone.ActiveCfg = Debug|Any CPU
		{D937BC1E-1D87-4283-B608-2974714D01CA}.Debug|iPhone.Build.0 = Debug|Any CPU
		{D937BC1E-1D87-4283-B608-2974714D01CA}.Debug|iPhone.Deploy.0 = Debug|Any CPU
		{D937BC1E-1D87-4283-B608-2974714D01CA}.Debug|iPhoneSimulator.ActiveCfg = Debug|Any CPU
		{D937BC1E-1D87-4283-B608-2974714D01CA}.Debug|iPhoneSimulator.Build.0 = Debug|Any CPU
		{D937BC1E-1D87-4283-B608-2974714D01CA}.Debug|iPhoneSimulator.Deploy.0 = Debug|Any CPU
		{D937BC1E-1D87-4283-B608-2974714D01CA}.Release|Any CPU.ActiveCfg = Release|Any CPU
		{D937BC1E-1D87-4283-B608-2974714D01CA}.Release|Any CPU.Build.0 = Release|Any CPU
		{D937BC1E-1D87-4283-B608-2974714D01CA}.Release|Any CPU.Deploy.0 = Release|Any CPU
		{D937BC1E-1D87-4283-B608-2974714D01CA}.Release|iPhone.ActiveCfg = Release|Any CPU
		{D937BC1E-1D87-4283-B608-2974714D01CA}.Release|iPhone.Build.0 = Release|Any CPU
		{D937BC1E-1D87-4283-B608-2974714D01CA}.Release|iPhone.Deploy.0 = Release|Any CPU
		{D937BC1E-1D87-4283-B608-2974714D01CA}.Release|iPhoneSimulator.ActiveCfg = Release|Any CPU
		{D937BC1E-1D87-4283-B608-2974714D01CA}.Release|iPhoneSimulator.Build.0 = Release|Any CPU
		{D937BC1E-1D87-4283-B608-2974714D01CA}.Release|iPhoneSimulator.Deploy.0 = Release|Any CPU
		{83CAF4DA-D7C3-434D-92BB-95220C27CC15}.Debug|Any CPU.ActiveCfg = Debug|iPhoneSimulator
		{83CAF4DA-D7C3-434D-92BB-95220C27CC15}.Debug|Any CPU.Build.0 = Debug|iPhoneSimulator
		{83CAF4DA-D7C3-434D-92BB-95220C27CC15}.Debug|Any CPU.Deploy.0 = Debug|iPhoneSimulator
		{83CAF4DA-D7C3-434D-92BB-95220C27CC15}.Debug|iPhone.ActiveCfg = Debug|iPhone
		{83CAF4DA-D7C3-434D-92BB-95220C27CC15}.Debug|iPhone.Build.0 = Debug|iPhone
		{83CAF4DA-D7C3-434D-92BB-95220C27CC15}.Debug|iPhone.Deploy.0 = Debug|iPhone
		{83CAF4DA-D7C3-434D-92BB-95220C27CC15}.Debug|iPhoneSimulator.ActiveCfg = Debug|iPhoneSimulator
		{83CAF4DA-D7C3-434D-92BB-95220C27CC15}.Debug|iPhoneSimulator.Build.0 = Debug|iPhoneSimulator
		{83CAF4DA-D7C3-434D-92BB-95220C27CC15}.Debug|iPhoneSimulator.Deploy.0 = Debug|iPhoneSimulator
		{83CAF4DA-D7C3-434D-92BB-95220C27CC15}.Release|Any CPU.ActiveCfg = Release|iPhone
		{83CAF4DA-D7C3-434D-92BB-95220C27CC15}.Release|Any CPU.Build.0 = Release|iPhone
		{83CAF4DA-D7C3-434D-92BB-95220C27CC15}.Release|Any CPU.Deploy.0 = Release|iPhone
		{83CAF4DA-D7C3-434D-92BB-95220C27CC15}.Release|iPhone.ActiveCfg = Release|iPhone
		{83CAF4DA-D7C3-434D-92BB-95220C27CC15}.Release|iPhone.Build.0 = Release|iPhone
		{83CAF4DA-D7C3-434D-92BB-95220C27CC15}.Release|iPhone.Deploy.0 = Release|iPhone
		{83CAF4DA-D7C3-434D-92BB-95220C27CC15}.Release|iPhoneSimulator.ActiveCfg = Release|iPhoneSimulator
		{83CAF4DA-D7C3-434D-92BB-95220C27CC15}.Release|iPhoneSimulator.Build.0 = Release|iPhoneSimulator
		{83CAF4DA-D7C3-434D-92BB-95220C27CC15}.Release|iPhoneSimulator.Deploy.0 = Release|iPhoneSimulator
		{3A424439-348B-4BA3-BDED-FA2F8D6B8F30}.Debug|Any CPU.ActiveCfg = Debug|Any CPU
		{3A424439-348B-4BA3-BDED-FA2F8D6B8F30}.Debug|Any CPU.Build.0 = Debug|Any CPU
		{3A424439-348B-4BA3-BDED-FA2F8D6B8F30}.Debug|Any CPU.Deploy.0 = Debug|Any CPU
		{3A424439-348B-4BA3-BDED-FA2F8D6B8F30}.Debug|iPhone.ActiveCfg = Debug|Any CPU
		{3A424439-348B-4BA3-BDED-FA2F8D6B8F30}.Debug|iPhone.Build.0 = Debug|Any CPU
		{3A424439-348B-4BA3-BDED-FA2F8D6B8F30}.Debug|iPhone.Deploy.0 = Debug|Any CPU
		{3A424439-348B-4BA3-BDED-FA2F8D6B8F30}.Debug|iPhoneSimulator.ActiveCfg = Debug|Any CPU
		{3A424439-348B-4BA3-BDED-FA2F8D6B8F30}.Debug|iPhoneSimulator.Build.0 = Debug|Any CPU
		{3A424439-348B-4BA3-BDED-FA2F8D6B8F30}.Debug|iPhoneSimulator.Deploy.0 = Debug|Any CPU
		{3A424439-348B-4BA3-BDED-FA2F8D6B8F30}.Release|Any CPU.ActiveCfg = Release|Any CPU
		{3A424439-348B-4BA3-BDED-FA2F8D6B8F30}.Release|Any CPU.Build.0 = Release|Any CPU
		{3A424439-348B-4BA3-BDED-FA2F8D6B8F30}.Release|Any CPU.Deploy.0 = Release|Any CPU
		{3A424439-348B-4BA3-BDED-FA2F8D6B8F30}.Release|iPhone.ActiveCfg = Release|Any CPU
		{3A424439-348B-4BA3-BDED-FA2F8D6B8F30}.Release|iPhone.Build.0 = Release|Any CPU
		{3A424439-348B-4BA3-BDED-FA2F8D6B8F30}.Release|iPhone.Deploy.0 = Release|Any CPU
		{3A424439-348B-4BA3-BDED-FA2F8D6B8F30}.Release|iPhoneSimulator.ActiveCfg = Release|Any CPU
		{3A424439-348B-4BA3-BDED-FA2F8D6B8F30}.Release|iPhoneSimulator.Build.0 = Release|Any CPU
		{3A424439-348B-4BA3-BDED-FA2F8D6B8F30}.Release|iPhoneSimulator.Deploy.0 = Release|Any CPU
	EndGlobalSection
	GlobalSection(SolutionProperties) = preSolution
		HideSolutionNode = FALSE
	EndGlobalSection
	GlobalSection(ExtensibilityGlobals) = postSolution
		SolutionGuid = {B3A6F70F-A4A0-4AEA-B5EA-F3D4BF1F221C}
	EndGlobalSection
EndGlobal
